
Microsoft Visual Studio Solution File, Format Version 12.00
# Visual Studio 15
VisualStudioVersion = 15.0.28307.902
MinimumVisualStudioVersion = 10.0.40219.1
Project("{FAE04EC0-301F-11D3-BF4B-00C04F79EFBC}") = "JuntosComVoce", "BotAgainstCorona\JuntosComVoce.csproj", "{4253CFF7-052B-44EF-8522-D408ED36AB99}"
EndProject
Project("{2150E333-8FDC-42A3-9474-1A3956D46DE8}") = "Bot.Aplicacao", "Bot.Aplicacao", "{56A09D85-D641-4A20-BDCF-87CCBC405E23}"
EndProject
Project("{2150E333-8FDC-42A3-9474-1A3956D46DE8}") = "Bot.Dominio", "Bot.Dominio", "{630B9A58-5CCD-435B-BA86-9E752815FB30}"
EndProject
Project("{FAE04EC0-301F-11D3-BF4B-00C04F79EFBC}") = "Bot.Dominio", "Bot.Dominio\Bot.Dominio.csproj", "{2443F3DF-58B8-4D96-81C0-847E6CDE8CF5}"
EndProject
Global
	GlobalSection(SolutionConfigurationPlatforms) = preSolution
		Debug|Any CPU = Debug|Any CPU
		Release|Any CPU = Release|Any CPU
	EndGlobalSection
	GlobalSection(ProjectConfigurationPlatforms) = postSolution
		{4253CFF7-052B-44EF-8522-D408ED36AB99}.Debug|Any CPU.ActiveCfg = Debug|Any CPU
		{4253CFF7-052B-44EF-8522-D408ED36AB99}.Debug|Any CPU.Build.0 = Debug|Any CPU
		{4253CFF7-052B-44EF-8522-D408ED36AB99}.Release|Any CPU.ActiveCfg = Release|Any CPU
		{4253CFF7-052B-44EF-8522-D408ED36AB99}.Release|Any CPU.Build.0 = Release|Any CPU
		{2443F3DF-58B8-4D96-81C0-847E6CDE8CF5}.Debug|Any CPU.ActiveCfg = Debug|Any CPU
		{2443F3DF-58B8-4D96-81C0-847E6CDE8CF5}.Debug|Any CPU.Build.0 = Debug|Any CPU
		{2443F3DF-58B8-4D96-81C0-847E6CDE8CF5}.Release|Any CPU.ActiveCfg = Release|Any CPU
		{2443F3DF-58B8-4D96-81C0-847E6CDE8CF5}.Release|Any CPU.Build.0 = Release|Any CPU
	EndGlobalSection
	GlobalSection(SolutionProperties) = preSolution
		HideSolutionNode = FALSE
	EndGlobalSection
	GlobalSection(NestedProjects) = preSolution
		{4253CFF7-052B-44EF-8522-D408ED36AB99} = {56A09D85-D641-4A20-BDCF-87CCBC405E23}
		{2443F3DF-58B8-4D96-81C0-847E6CDE8CF5} = {630B9A58-5CCD-435B-BA86-9E752815FB30}
	EndGlobalSection
	GlobalSection(ExtensibilityGlobals) = postSolution
		SolutionGuid = {14015E0E-2D2E-42A7-99E5-6ED1A21EFD03}
	EndGlobalSection
EndGlobal
